
Microsoft Visual Studio Solution File, Format Version 12.00
# Visual Studio 14
VisualStudioVersion = 14.0.24720.0
MinimumVisualStudioVersion = 10.0.40219.1
Project("{8BC9CEB8-8B4A-11D0-8D11-00A0C91BC942}") = "DXNativeRenderer", "DXNativeRenderer\DXNativeRenderer.vcxproj", "{663D4AB5-9DE3-4F61-AAF5-A84899150F3B}"
EndProject
Project("{8BC9CEB8-8B4A-11D0-8D11-00A0C91BC942}") = "DXNativeRenderer32", "DXNativeRenderer32\DXNativeRenderer32\DXNativeRenderer32.vcxproj", "{7520AA5F-2A0E-4121-AA2F-10EE414AFCD1}"
EndProject
Global
	GlobalSection(SolutionConfigurationPlatforms) = preSolution
		Debug|ARM = Debug|ARM
		Debug|x64 = Debug|x64
		Debug|x86 = Debug|x86
		Release|ARM = Release|ARM
		Release|x64 = Release|x64
		Release|x86 = Release|x86
	EndGlobalSection
	GlobalSection(ProjectConfigurationPlatforms) = postSolution
		{663D4AB5-9DE3-4F61-AAF5-A84899150F3B}.Debug|ARM.ActiveCfg = Debug|ARM
		{663D4AB5-9DE3-4F61-AAF5-A84899150F3B}.Debug|ARM.Build.0 = Debug|ARM
		{663D4AB5-9DE3-4F61-AAF5-A84899150F3B}.Debug|x64.ActiveCfg = Debug|x64
		{663D4AB5-9DE3-4F61-AAF5-A84899150F3B}.Debug|x64.Build.0 = Debug|x64
		{663D4AB5-9DE3-4F61-AAF5-A84899150F3B}.Debug|x86.ActiveCfg = Debug|Win32
		{663D4AB5-9DE3-4F61-AAF5-A84899150F3B}.Debug|x86.Build.0 = Debug|Win32
		{663D4AB5-9DE3-4F61-AAF5-A84899150F3B}.Release|ARM.ActiveCfg = Release|ARM
		{663D4AB5-9DE3-4F61-AAF5-A84899150F3B}.Release|ARM.Build.0 = Release|ARM
		{663D4AB5-9DE3-4F61-AAF5-A84899150F3B}.Release|x64.ActiveCfg = Release|x64
		{663D4AB5-9DE3-4F61-AAF5-A84899150F3B}.Release|x64.Build.0 = Release|x64
		{663D4AB5-9DE3-4F61-AAF5-A84899150F3B}.Release|x86.ActiveCfg = Release|Win32
		{663D4AB5-9DE3-4F61-AAF5-A84899150F3B}.Release|x86.Build.0 = Release|Win32
		{7520AA5F-2A0E-4121-AA2F-10EE414AFCD1}.Debug|ARM.ActiveCfg = Debug|Win32
		{7520AA5F-2A0E-4121-AA2F-10EE414AFCD1}.Debug|x64.ActiveCfg = Debug|x64
		{7520AA5F-2A0E-4121-AA2F-10EE414AFCD1}.Debug|x64.Build.0 = Debug|x64
		{7520AA5F-2A0E-4121-AA2F-10EE414AFCD1}.Debug|x86.ActiveCfg = Debug|Win32
		{7520AA5F-2A0E-4121-AA2F-10EE414AFCD1}.Debug|x86.Build.0 = Debug|Win32
		{7520AA5F-2A0E-4121-AA2F-10EE414AFCD1}.Release|ARM.ActiveCfg = Release|Win32
		{7520AA5F-2A0E-4121-AA2F-10EE414AFCD1}.Release|x64.ActiveCfg = Release|x64
		{7520AA5F-2A0E-4121-AA2F-10EE414AFCD1}.Release|x64.Build.0 = Release|x64
		{7520AA5F-2A0E-4121-AA2F-10EE414AFCD1}.Release|x86.ActiveCfg = Release|Win32
		{7520AA5F-2A0E-4121-AA2F-10EE414AFCD1}.Release|x86.Build.0 = Release|Win32
	EndGlobalSection
	GlobalSection(SolutionProperties) = preSolution
		HideSolutionNode = FALSE
	EndGlobalSection
EndGlobal
